
Microsoft Visual Studio Solution File, Format Version 12.00
# Visual Studio Version 17
VisualStudioVersion = 17.9.34622.214
MinimumVisualStudioVersion = 10.0.40219.1
Project("{FAE04EC0-301F-11D3-BF4B-00C04F79EFBC}") = "SerialVisualizer", "SerialVisualizer\SerialVisualizer.csproj", "{C52D8B2A-8742-4AA5-A3A6-5AD103D12C7C}"
EndProject
Project("{2150E333-8FDC-42A3-9474-1A3956D46DE8}") = "Элементы решения", "Элементы решения", "{D83DE8F0-DC8A-47B4-8DE8-D360BCF489F8}"
EndProject
Global
	GlobalSection(SolutionConfigurationPlatforms) = preSolution
		Debug|Any CPU = Debug|Any CPU
		Release|Any CPU = Release|Any CPU
	EndGlobalSection
	GlobalSection(ProjectConfigurationPlatforms) = postSolution
		{C52D8B2A-8742-4AA5-A3A6-5AD103D12C7C}.Debug|Any CPU.ActiveCfg = Debug|Any CPU
		{C52D8B2A-8742-4AA5-A3A6-5AD103D12C7C}.Debug|Any CPU.Build.0 = Debug|Any CPU
		{C52D8B2A-8742-4AA5-A3A6-5AD103D12C7C}.Release|Any CPU.ActiveCfg = Release|Any CPU
		{C52D8B2A-8742-4AA5-A3A6-5AD103D12C7C}.Release|Any CPU.Build.0 = Release|Any CPU
	EndGlobalSection
	GlobalSection(SolutionProperties) = preSolution
		HideSolutionNode = FALSE
	EndGlobalSection
	GlobalSection(ExtensibilityGlobals) = postSolution
		SolutionGuid = {57D907FC-6676-46F4-A4F8-2CC45EFC3B7C}
	EndGlobalSection
EndGlobal
